
Microsoft Visual Studio Solution File, Format Version 12.00
# Visual Studio Version 17
VisualStudioVersion = 17.6.33417.168
MinimumVisualStudioVersion = 10.0.40219.1
Project("{2150E333-8FDC-42A3-9474-1A3956D46DE8}") = "src", "src", "{3A5ED15D-02EF-4EE1-A100-FB032EA61AFD}"
EndProject
Project("{2150E333-8FDC-42A3-9474-1A3956D46DE8}") = "samples", "samples", "{063CCA0D-9B89-46F5-8CE3-AB1B9356D46B}"
EndProject
Project("{2150E333-8FDC-42A3-9474-1A3956D46DE8}") = "test", "test", "{9142D19E-CD08-4153-AC21-DCA04451D517}"
EndProject
Project("{2150E333-8FDC-42A3-9474-1A3956D46DE8}") = "ut", "ut", "{A9D448EE-B38B-4FC1-9B06-BDC418BEEB33}"
EndProject
Project("{2150E333-8FDC-42A3-9474-1A3956D46DE8}") = "benchmarks", "benchmarks", "{B02385C3-30A8-4C28-8E82-54FFA6176DCC}"
EndProject
Project("{9A19103F-16F7-4668-BE54-9A1E7A4F7556}") = "Zzz", "src\Zzz\Zzz.csproj", "{A87C41CC-F585-4C6B-BE11-CF5B6862CD81}"
EndProject
Project("{9A19103F-16F7-4668-BE54-9A1E7A4F7556}") = "TcpDemo", "samples\TcpDemo\TcpDemo.csproj", "{909181AF-2CDD-41FD-9C32-C9DA87CCF6F9}"
EndProject
Project("{9A19103F-16F7-4668-BE54-9A1E7A4F7556}") = "Zzz.Abstractions", "src\Zzz.Abstractions\Zzz.Abstractions.csproj", "{D7352CAD-F89F-4D6B-897F-4FE81FDE8FB0}"
EndProject
Project("{9A19103F-16F7-4668-BE54-9A1E7A4F7556}") = "Zzz.Buffers", "src\Zzz.Buffers\Zzz.Buffers.csproj", "{5A223CE0-2F6F-409F-9204-F64097C2AA0D}"
EndProject
Project("{9A19103F-16F7-4668-BE54-9A1E7A4F7556}") = "Zzz.Sockets", "src\Zzz.Sockets\Zzz.Sockets.csproj", "{6B239CAC-A997-4538-B568-65D7477C209E}"
EndProject
Project("{FAE04EC0-301F-11D3-BF4B-00C04F79EFBC}") = "Zzz.Features", "src\Zzz.Features\Zzz.Features.csproj", "{3E5D2CAA-69A1-4F26-9D40-EEEDF4FD9A16}"
EndProject
Global
	GlobalSection(SolutionConfigurationPlatforms) = preSolution
		Debug|Any CPU = Debug|Any CPU
		Release|Any CPU = Release|Any CPU
	EndGlobalSection
	GlobalSection(ProjectConfigurationPlatforms) = postSolution
		{A87C41CC-F585-4C6B-BE11-CF5B6862CD81}.Debug|Any CPU.ActiveCfg = Debug|Any CPU
		{A87C41CC-F585-4C6B-BE11-CF5B6862CD81}.Debug|Any CPU.Build.0 = Debug|Any CPU
		{A87C41CC-F585-4C6B-BE11-CF5B6862CD81}.Release|Any CPU.ActiveCfg = Release|Any CPU
		{A87C41CC-F585-4C6B-BE11-CF5B6862CD81}.Release|Any CPU.Build.0 = Release|Any CPU
		{909181AF-2CDD-41FD-9C32-C9DA87CCF6F9}.Debug|Any CPU.ActiveCfg = Debug|Any CPU
		{909181AF-2CDD-41FD-9C32-C9DA87CCF6F9}.Debug|Any CPU.Build.0 = Debug|Any CPU
		{909181AF-2CDD-41FD-9C32-C9DA87CCF6F9}.Release|Any CPU.ActiveCfg = Release|Any CPU
		{909181AF-2CDD-41FD-9C32-C9DA87CCF6F9}.Release|Any CPU.Build.0 = Release|Any CPU
		{D7352CAD-F89F-4D6B-897F-4FE81FDE8FB0}.Debug|Any CPU.ActiveCfg = Debug|Any CPU
		{D7352CAD-F89F-4D6B-897F-4FE81FDE8FB0}.Debug|Any CPU.Build.0 = Debug|Any CPU
		{D7352CAD-F89F-4D6B-897F-4FE81FDE8FB0}.Release|Any CPU.ActiveCfg = Release|Any CPU
		{D7352CAD-F89F-4D6B-897F-4FE81FDE8FB0}.Release|Any CPU.Build.0 = Release|Any CPU
		{5A223CE0-2F6F-409F-9204-F64097C2AA0D}.Debug|Any CPU.ActiveCfg = Debug|Any CPU
		{5A223CE0-2F6F-409F-9204-F64097C2AA0D}.Debug|Any CPU.Build.0 = Debug|Any CPU
		{5A223CE0-2F6F-409F-9204-F64097C2AA0D}.Release|Any CPU.ActiveCfg = Release|Any CPU
		{5A223CE0-2F6F-409F-9204-F64097C2AA0D}.Release|Any CPU.Build.0 = Release|Any CPU
		{6B239CAC-A997-4538-B568-65D7477C209E}.Debug|Any CPU.ActiveCfg = Debug|Any CPU
		{6B239CAC-A997-4538-B568-65D7477C209E}.Debug|Any CPU.Build.0 = Debug|Any CPU
		{6B239CAC-A997-4538-B568-65D7477C209E}.Release|Any CPU.ActiveCfg = Release|Any CPU
		{6B239CAC-A997-4538-B568-65D7477C209E}.Release|Any CPU.Build.0 = Release|Any CPU
		{3E5D2CAA-69A1-4F26-9D40-EEEDF4FD9A16}.Debug|Any CPU.ActiveCfg = Debug|Any CPU
		{3E5D2CAA-69A1-4F26-9D40-EEEDF4FD9A16}.Debug|Any CPU.Build.0 = Debug|Any CPU
		{3E5D2CAA-69A1-4F26-9D40-EEEDF4FD9A16}.Release|Any CPU.ActiveCfg = Release|Any CPU
		{3E5D2CAA-69A1-4F26-9D40-EEEDF4FD9A16}.Release|Any CPU.Build.0 = Release|Any CPU
	EndGlobalSection
	GlobalSection(SolutionProperties) = preSolution
		HideSolutionNode = FALSE
	EndGlobalSection
	GlobalSection(NestedProjects) = preSolution
		{A9D448EE-B38B-4FC1-9B06-BDC418BEEB33} = {9142D19E-CD08-4153-AC21-DCA04451D517}
		{B02385C3-30A8-4C28-8E82-54FFA6176DCC} = {9142D19E-CD08-4153-AC21-DCA04451D517}
		{A87C41CC-F585-4C6B-BE11-CF5B6862CD81} = {3A5ED15D-02EF-4EE1-A100-FB032EA61AFD}
		{909181AF-2CDD-41FD-9C32-C9DA87CCF6F9} = {063CCA0D-9B89-46F5-8CE3-AB1B9356D46B}
		{D7352CAD-F89F-4D6B-897F-4FE81FDE8FB0} = {3A5ED15D-02EF-4EE1-A100-FB032EA61AFD}
		{5A223CE0-2F6F-409F-9204-F64097C2AA0D} = {3A5ED15D-02EF-4EE1-A100-FB032EA61AFD}
		{6B239CAC-A997-4538-B568-65D7477C209E} = {3A5ED15D-02EF-4EE1-A100-FB032EA61AFD}
		{3E5D2CAA-69A1-4F26-9D40-EEEDF4FD9A16} = {3A5ED15D-02EF-4EE1-A100-FB032EA61AFD}
	EndGlobalSection
	GlobalSection(ExtensibilityGlobals) = postSolution
		SolutionGuid = {3DD86742-DF62-41F5-B77C-82E799873C9F}
	EndGlobalSection
EndGlobal
